
Microsoft Visual Studio Solution File, Format Version 12.00
Project("{FAE04EC0-301F-11D3-BF4B-00C04F79EFBC}") = "Channel", "Channel.csproj", "{C73A35BB-4AD9-455D-8463-66BBCB1BDEDC}"
EndProject
Global
	GlobalSection(SolutionConfigurationPlatforms) = preSolution
		Debug|Any CPU = Debug|Any CPU
		Release|Any CPU = Release|Any CPU
	EndGlobalSection
	GlobalSection(ProjectConfigurationPlatforms) = postSolution
		{C73A35BB-4AD9-455D-8463-66BBCB1BDEDC}.Debug|Any CPU.ActiveCfg = Debug|Any CPU
		{C73A35BB-4AD9-455D-8463-66BBCB1BDEDC}.Debug|Any CPU.Build.0 = Debug|Any CPU
		{C73A35BB-4AD9-455D-8463-66BBCB1BDEDC}.Release|Any CPU.ActiveCfg = Release|Any CPU
		{C73A35BB-4AD9-455D-8463-66BBCB1BDEDC}.Release|Any CPU.Build.0 = Release|Any CPU
	EndGlobalSection
EndGlobal
